// !$*UTF8*$!
{
	archiveVersion = 1;
	classes = {
	};
	objectVersion = 50;
	objects = {

/* Begin PBXBuildFile section */
		AC18A61020D1EAAC00EEBD89 /* CitiesListCoordinator.swift in Sources */ = {isa = PBXBuildFile; fileRef = AC18A60F20D1EAAC00EEBD89 /* CitiesListCoordinator.swift */; };
		AC18A61920D1EC3300EEBD89 /* RxSwift.framework in Frameworks */ = {isa = PBXBuildFile; fileRef = AC18A61520D1EC3300EEBD89 /* RxSwift.framework */; };
		AC18A61A20D1EC3300EEBD89 /* RxCocoa.framework in Frameworks */ = {isa = PBXBuildFile; fileRef = AC18A61620D1EC3300EEBD89 /* RxCocoa.framework */; };
		AC34218A20D3113E00ED98EB /* CitySelectionViewController.swift in Sources */ = {isa = PBXBuildFile; fileRef = AC34218920D3113E00ED98EB /* CitySelectionViewController.swift */; };
		AC44D0C820DDB1EF0082B2B5 /* City+CoreDataClass.swift in Sources */ = {isa = PBXBuildFile; fileRef = AC44D0C620DDB1EF0082B2B5 /* City+CoreDataClass.swift */; };
		AC44D0C920DDB1EF0082B2B5 /* City+CoreDataProperties.swift in Sources */ = {isa = PBXBuildFile; fileRef = AC44D0C720DDB1EF0082B2B5 /* City+CoreDataProperties.swift */; };
		AC74525120D718FA00A070FE /* Route.swift in Sources */ = {isa = PBXBuildFile; fileRef = AC74525020D718FA00A070FE /* Route.swift */; };
		AC74525D20D7199200A070FE /* APIService.swift in Sources */ = {isa = PBXBuildFile; fileRef = AC74525C20D7199200A070FE /* APIService.swift */; };
		AC74525F20D722B300A070FE /* Forecast.swift in Sources */ = {isa = PBXBuildFile; fileRef = AC74525E20D722B300A070FE /* Forecast.swift */; };
		ACB2514420D6E4BD003B2E14 /* ForecastViewController.swift in Sources */ = {isa = PBXBuildFile; fileRef = ACB2514320D6E4BD003B2E14 /* ForecastViewController.swift */; };
		ACB2514620D6E5A3003B2E14 /* ForecastViewModel.swift in Sources */ = {isa = PBXBuildFile; fileRef = ACB2514520D6E5A3003B2E14 /* ForecastViewModel.swift */; };
		ACB2514820D6E807003B2E14 /* Alamofire.framework in Frameworks */ = {isa = PBXBuildFile; fileRef = ACB2514720D6E806003B2E14 /* Alamofire.framework */; };
		ACB2514B20D6F8CF003B2E14 /* WeatherDTO.swift in Sources */ = {isa = PBXBuildFile; fileRef = ACB2514A20D6F8CF003B2E14 /* WeatherDTO.swift */; };
		ACCD863120D15B68005C30C4 /* AppDelegate.swift in Sources */ = {isa = PBXBuildFile; fileRef = ACCD863020D15B68005C30C4 /* AppDelegate.swift */; };
		ACCD863620D15B68005C30C4 /* Main.storyboard in Resources */ = {isa = PBXBuildFile; fileRef = ACCD863420D15B68005C30C4 /* Main.storyboard */; };
		ACCD863920D15B68005C30C4 /* weather_demo.xcdatamodeld in Sources */ = {isa = PBXBuildFile; fileRef = ACCD863720D15B68005C30C4 /* weather_demo.xcdatamodeld */; };
		ACCD863B20D15B69005C30C4 /* Assets.xcassets in Resources */ = {isa = PBXBuildFile; fileRef = ACCD863A20D15B69005C30C4 /* Assets.xcassets */; };
		ACCD863E20D15B69005C30C4 /* LaunchScreen.storyboard in Resources */ = {isa = PBXBuildFile; fileRef = ACCD863C20D15B69005C30C4 /* LaunchScreen.storyboard */; };
		ACCD864920D15B69005C30C4 /* weather_demoTests.swift in Sources */ = {isa = PBXBuildFile; fileRef = ACCD864820D15B69005C30C4 /* weather_demoTests.swift */; };
		ACCD865420D15B69005C30C4 /* weather_demoUITests.swift in Sources */ = {isa = PBXBuildFile; fileRef = ACCD865320D15B69005C30C4 /* weather_demoUITests.swift */; };
		ACCEAD0A20D5E5DC0078074B /* CitySelectionViewModel.swift in Sources */ = {isa = PBXBuildFile; fileRef = ACCEAD0920D5E5DC0078074B /* CitySelectionViewModel.swift */; };
		ACD49E3120D1D469000C853E /* Coordinator.swift in Sources */ = {isa = PBXBuildFile; fileRef = ACD49E3020D1D469000C853E /* Coordinator.swift */; };
		ACD49E3320D1D4DE000C853E /* CitiesListViewController.swift in Sources */ = {isa = PBXBuildFile; fileRef = ACD49E3220D1D4DE000C853E /* CitiesListViewController.swift */; };
/* End PBXBuildFile section */

/* Begin PBXContainerItemProxy section */
		ACCD864520D15B69005C30C4 /* PBXContainerItemProxy */ = {
			isa = PBXContainerItemProxy;
			containerPortal = ACCD862520D15B68005C30C4 /* Project object */;
			proxyType = 1;
			remoteGlobalIDString = ACCD862C20D15B68005C30C4;
			remoteInfo = "weather-demo";
		};
		ACCD865020D15B69005C30C4 /* PBXContainerItemProxy */ = {
			isa = PBXContainerItemProxy;
			containerPortal = ACCD862520D15B68005C30C4 /* Project object */;
			proxyType = 1;
			remoteGlobalIDString = ACCD862C20D15B68005C30C4;
			remoteInfo = "weather-demo";
		};
/* End PBXContainerItemProxy section */

/* Begin PBXFileReference section */
		AC18A60F20D1EAAC00EEBD89 /* CitiesListCoordinator.swift */ = {isa = PBXFileReference; lastKnownFileType = sourcecode.swift; path = CitiesListCoordinator.swift; sourceTree = "<group>"; };
		AC18A61320D1EC3300EEBD89 /* RxBlocking.framework */ = {isa = PBXFileReference; lastKnownFileType = wrapper.framework; name = RxBlocking.framework; path = Carthage/Build/iOS/RxBlocking.framework; sourceTree = SOURCE_ROOT; };
		AC18A61420D1EC3300EEBD89 /* RxTest.framework */ = {isa = PBXFileReference; lastKnownFileType = wrapper.framework; name = RxTest.framework; path = Carthage/Build/iOS/RxTest.framework; sourceTree = SOURCE_ROOT; };
		AC18A61520D1EC3300EEBD89 /* RxSwift.framework */ = {isa = PBXFileReference; lastKnownFileType = wrapper.framework; name = RxSwift.framework; path = Carthage/Build/iOS/RxSwift.framework; sourceTree = SOURCE_ROOT; };
		AC18A61620D1EC3300EEBD89 /* RxCocoa.framework */ = {isa = PBXFileReference; lastKnownFileType = wrapper.framework; name = RxCocoa.framework; path = Carthage/Build/iOS/RxCocoa.framework; sourceTree = SOURCE_ROOT; };
		AC34218920D3113E00ED98EB /* CitySelectionViewController.swift */ = {isa = PBXFileReference; lastKnownFileType = sourcecode.swift; path = CitySelectionViewController.swift; sourceTree = "<group>"; };
		AC44D0C620DDB1EF0082B2B5 /* City+CoreDataClass.swift */ = {isa = PBXFileReference; lastKnownFileType = sourcecode.swift; path = "City+CoreDataClass.swift"; sourceTree = "<group>"; };
		AC44D0C720DDB1EF0082B2B5 /* City+CoreDataProperties.swift */ = {isa = PBXFileReference; lastKnownFileType = sourcecode.swift; path = "City+CoreDataProperties.swift"; sourceTree = "<group>"; };
		AC74525020D718FA00A070FE /* Route.swift */ = {isa = PBXFileReference; lastKnownFileType = sourcecode.swift; path = Route.swift; sourceTree = "<group>"; };
		AC74525C20D7199200A070FE /* APIService.swift */ = {isa = PBXFileReference; lastKnownFileType = sourcecode.swift; path = APIService.swift; sourceTree = "<group>"; };
		AC74525E20D722B300A070FE /* Forecast.swift */ = {isa = PBXFileReference; lastKnownFileType = sourcecode.swift; path = Forecast.swift; sourceTree = "<group>"; };
		ACB2514320D6E4BD003B2E14 /* ForecastViewController.swift */ = {isa = PBXFileReference; lastKnownFileType = sourcecode.swift; path = ForecastViewController.swift; sourceTree = "<group>"; };
		ACB2514520D6E5A3003B2E14 /* ForecastViewModel.swift */ = {isa = PBXFileReference; lastKnownFileType = sourcecode.swift; path = ForecastViewModel.swift; sourceTree = "<group>"; };
		ACB2514720D6E806003B2E14 /* Alamofire.framework */ = {isa = PBXFileReference; lastKnownFileType = wrapper.framework; name = Alamofire.framework; path = Carthage/Build/iOS/Alamofire.framework; sourceTree = SOURCE_ROOT; };
		ACB2514A20D6F8CF003B2E14 /* WeatherDTO.swift */ = {isa = PBXFileReference; lastKnownFileType = sourcecode.swift; path = WeatherDTO.swift; sourceTree = "<group>"; };
		ACCD862D20D15B68005C30C4 /* weather-demo.app */ = {isa = PBXFileReference; explicitFileType = wrapper.application; includeInIndex = 0; path = "weather-demo.app"; sourceTree = BUILT_PRODUCTS_DIR; };
		ACCD863020D15B68005C30C4 /* AppDelegate.swift */ = {isa = PBXFileReference; lastKnownFileType = sourcecode.swift; path = AppDelegate.swift; sourceTree = "<group>"; };
		ACCD863520D15B68005C30C4 /* Base */ = {isa = PBXFileReference; lastKnownFileType = file.storyboard; name = Base; path = Base.lproj/Main.storyboard; sourceTree = "<group>"; };
		ACCD863820D15B68005C30C4 /* weather_demo.xcdatamodel */ = {isa = PBXFileReference; lastKnownFileType = wrapper.xcdatamodel; path = weather_demo.xcdatamodel; sourceTree = "<group>"; };
		ACCD863A20D15B69005C30C4 /* Assets.xcassets */ = {isa = PBXFileReference; lastKnownFileType = folder.assetcatalog; path = Assets.xcassets; sourceTree = "<group>"; };
		ACCD863D20D15B69005C30C4 /* Base */ = {isa = PBXFileReference; lastKnownFileType = file.storyboard; name = Base; path = Base.lproj/LaunchScreen.storyboard; sourceTree = "<group>"; };
		ACCD863F20D15B69005C30C4 /* Info.plist */ = {isa = PBXFileReference; lastKnownFileType = text.plist.xml; path = Info.plist; sourceTree = "<group>"; };
		ACCD864420D15B69005C30C4 /* weather-demoTests.xctest */ = {isa = PBXFileReference; explicitFileType = wrapper.cfbundle; includeInIndex = 0; path = "weather-demoTests.xctest"; sourceTree = BUILT_PRODUCTS_DIR; };
		ACCD864820D15B69005C30C4 /* weather_demoTests.swift */ = {isa = PBXFileReference; lastKnownFileType = sourcecode.swift; path = weather_demoTests.swift; sourceTree = "<group>"; };
		ACCD864A20D15B69005C30C4 /* Info.plist */ = {isa = PBXFileReference; lastKnownFileType = text.plist.xml; path = Info.plist; sourceTree = "<group>"; };
		ACCD864F20D15B69005C30C4 /* weather-demoUITests.xctest */ = {isa = PBXFileReference; explicitFileType = wrapper.cfbundle; includeInIndex = 0; path = "weather-demoUITests.xctest"; sourceTree = BUILT_PRODUCTS_DIR; };
		ACCD865320D15B69005C30C4 /* weather_demoUITests.swift */ = {isa = PBXFileReference; lastKnownFileType = sourcecode.swift; path = weather_demoUITests.swift; sourceTree = "<group>"; };
		ACCD865520D15B69005C30C4 /* Info.plist */ = {isa = PBXFileReference; lastKnownFileType = text.plist.xml; path = Info.plist; sourceTree = "<group>"; };
		ACCEAD0920D5E5DC0078074B /* CitySelectionViewModel.swift */ = {isa = PBXFileReference; lastKnownFileType = sourcecode.swift; path = CitySelectionViewModel.swift; sourceTree = "<group>"; };
		ACD49E3020D1D469000C853E /* Coordinator.swift */ = {isa = PBXFileReference; lastKnownFileType = sourcecode.swift; path = Coordinator.swift; sourceTree = "<group>"; };
		ACD49E3220D1D4DE000C853E /* CitiesListViewController.swift */ = {isa = PBXFileReference; lastKnownFileType = sourcecode.swift; path = CitiesListViewController.swift; sourceTree = "<group>"; };
/* End PBXFileReference section */

/* Begin PBXFrameworksBuildPhase section */
		ACCD862A20D15B68005C30C4 /* Frameworks */ = {
			isa = PBXFrameworksBuildPhase;
			buildActionMask = 2147483647;
			files = (
				AC18A61A20D1EC3300EEBD89 /* RxCocoa.framework in Frameworks */,
				AC18A61920D1EC3300EEBD89 /* RxSwift.framework in Frameworks */,
				ACB2514820D6E807003B2E14 /* Alamofire.framework in Frameworks */,
			);
			runOnlyForDeploymentPostprocessing = 0;
		};
		ACCD864120D15B69005C30C4 /* Frameworks */ = {
			isa = PBXFrameworksBuildPhase;
			buildActionMask = 2147483647;
			files = (
			);
			runOnlyForDeploymentPostprocessing = 0;
		};
		ACCD864C20D15B69005C30C4 /* Frameworks */ = {
			isa = PBXFrameworksBuildPhase;
			buildActionMask = 2147483647;
			files = (
			);
			runOnlyForDeploymentPostprocessing = 0;
		};
/* End PBXFrameworksBuildPhase section */

/* Begin PBXGroup section */
		AC18A60E20D1EA9800EEBD89 /* Coordinator */ = {
			isa = PBXGroup;
			children = (
				ACD49E3020D1D469000C853E /* Coordinator.swift */,
				AC18A60F20D1EAAC00EEBD89 /* CitiesListCoordinator.swift */,
			);
			path = Coordinator;
			sourceTree = "<group>";
		};
		AC18A61220D1EC2200EEBD89 /* Dependencies */ = {
			isa = PBXGroup;
			children = (
				ACB2514720D6E806003B2E14 /* Alamofire.framework */,
				AC18A61320D1EC3300EEBD89 /* RxBlocking.framework */,
				AC18A61620D1EC3300EEBD89 /* RxCocoa.framework */,
				AC18A61520D1EC3300EEBD89 /* RxSwift.framework */,
				AC18A61420D1EC3300EEBD89 /* RxTest.framework */,
			);
			path = Dependencies;
			sourceTree = "<group>";
		};
		AC44D0CA20DDB2010082B2B5 /* Core Data */ = {
			isa = PBXGroup;
			children = (
				AC44D0C620DDB1EF0082B2B5 /* City+CoreDataClass.swift */,
				AC44D0C720DDB1EF0082B2B5 /* City+CoreDataProperties.swift */,
			);
			path = "Core Data";
			sourceTree = "<group>";
		};
		AC74524F20D718D100A070FE /* API */ = {
			isa = PBXGroup;
			children = (
				AC74525020D718FA00A070FE /* Route.swift */,
				AC74525C20D7199200A070FE /* APIService.swift */,
			);
			path = API;
			sourceTree = "<group>";
		};
		ACB2514920D6F89F003B2E14 /* Model */ = {
			isa = PBXGroup;
			children = (
				AC44D0CA20DDB2010082B2B5 /* Core Data */,
				ACB2514A20D6F8CF003B2E14 /* WeatherDTO.swift */,
				AC74525E20D722B300A070FE /* Forecast.swift */,
			);
			path = Model;
			sourceTree = "<group>";
		};
		ACCD862420D15B68005C30C4 = {
			isa = PBXGroup;
			children = (
				ACCD862F20D15B68005C30C4 /* weather-demo */,
				ACCD864720D15B69005C30C4 /* weather-demoTests */,
				ACCD865220D15B69005C30C4 /* weather-demoUITests */,
				ACCD862E20D15B68005C30C4 /* Products */,
			);
			sourceTree = "<group>";
		};
		ACCD862E20D15B68005C30C4 /* Products */ = {
			isa = PBXGroup;
			children = (
				ACCD862D20D15B68005C30C4 /* weather-demo.app */,
				ACCD864420D15B69005C30C4 /* weather-demoTests.xctest */,
				ACCD864F20D15B69005C30C4 /* weather-demoUITests.xctest */,
			);
			name = Products;
			sourceTree = "<group>";
		};
		ACCD862F20D15B68005C30C4 /* weather-demo */ = {
			isa = PBXGroup;
			children = (
				AC18A61220D1EC2200EEBD89 /* Dependencies */,
				AC74524F20D718D100A070FE /* API */,
				ACD49E3420D1D4E4000C853E /* Controllers */,
				ACCEAD0820D5E5B80078074B /* View Models */,
				ACB2514920D6F89F003B2E14 /* Model */,
				AC18A60E20D1EA9800EEBD89 /* Coordinator */,
				ACCD863020D15B68005C30C4 /* AppDelegate.swift */,
				ACCD863420D15B68005C30C4 /* Main.storyboard */,
				ACCD863C20D15B69005C30C4 /* LaunchScreen.storyboard */,
				ACCD863F20D15B69005C30C4 /* Info.plist */,
				ACD49E2F20D1D457000C853E /* assets */,
				ACCD863720D15B68005C30C4 /* weather_demo.xcdatamodeld */,
			);
			path = "weather-demo";
			sourceTree = "<group>";
		};
		ACCD864720D15B69005C30C4 /* weather-demoTests */ = {
			isa = PBXGroup;
			children = (
				ACCD864820D15B69005C30C4 /* weather_demoTests.swift */,
				ACCD864A20D15B69005C30C4 /* Info.plist */,
			);
			path = "weather-demoTests";
			sourceTree = "<group>";
		};
		ACCD865220D15B69005C30C4 /* weather-demoUITests */ = {
			isa = PBXGroup;
			children = (
				ACCD865320D15B69005C30C4 /* weather_demoUITests.swift */,
				ACCD865520D15B69005C30C4 /* Info.plist */,
			);
			path = "weather-demoUITests";
			sourceTree = "<group>";
		};
		ACCEAD0820D5E5B80078074B /* View Models */ = {
			isa = PBXGroup;
			children = (
				ACCEAD0920D5E5DC0078074B /* CitySelectionViewModel.swift */,
				ACB2514520D6E5A3003B2E14 /* ForecastViewModel.swift */,
			);
			path = "View Models";
			sourceTree = "<group>";
		};
		ACD49E2F20D1D457000C853E /* assets */ = {
			isa = PBXGroup;
			children = (
				ACCD863A20D15B69005C30C4 /* Assets.xcassets */,
			);
			path = assets;
			sourceTree = "<group>";
		};
		ACD49E3420D1D4E4000C853E /* Controllers */ = {
			isa = PBXGroup;
			children = (
				ACD49E3220D1D4DE000C853E /* CitiesListViewController.swift */,
				AC34218920D3113E00ED98EB /* CitySelectionViewController.swift */,
				ACB2514320D6E4BD003B2E14 /* ForecastViewController.swift */,
			);
			path = Controllers;
			sourceTree = "<group>";
		};
/* End PBXGroup section */

/* Begin PBXNativeTarget section */
		ACCD862C20D15B68005C30C4 /* weather-demo */ = {
			isa = PBXNativeTarget;
			buildConfigurationList = ACCD865820D15B69005C30C4 /* Build configuration list for PBXNativeTarget "weather-demo" */;
			buildPhases = (
				ACCD862920D15B68005C30C4 /* Sources */,
				ACCD862A20D15B68005C30C4 /* Frameworks */,
				ACCD862B20D15B68005C30C4 /* Resources */,
				AC18A61120D1EB4700EEBD89 /* ShellScript */,
			);
			buildRules = (
			);
			dependencies = (
			);
			name = "weather-demo";
			productName = "weather-demo";
			productReference = ACCD862D20D15B68005C30C4 /* weather-demo.app */;
			productType = "com.apple.product-type.application";
		};
		ACCD864320D15B69005C30C4 /* weather-demoTests */ = {
			isa = PBXNativeTarget;
			buildConfigurationList = ACCD865B20D15B69005C30C4 /* Build configuration list for PBXNativeTarget "weather-demoTests" */;
			buildPhases = (
				ACCD864020D15B69005C30C4 /* Sources */,
				ACCD864120D15B69005C30C4 /* Frameworks */,
				ACCD864220D15B69005C30C4 /* Resources */,
			);
			buildRules = (
			);
			dependencies = (
				ACCD864620D15B69005C30C4 /* PBXTargetDependency */,
			);
			name = "weather-demoTests";
			productName = "weather-demoTests";
			productReference = ACCD864420D15B69005C30C4 /* weather-demoTests.xctest */;
			productType = "com.apple.product-type.bundle.unit-test";
		};
		ACCD864E20D15B69005C30C4 /* weather-demoUITests */ = {
			isa = PBXNativeTarget;
			buildConfigurationList = ACCD865E20D15B69005C30C4 /* Build configuration list for PBXNativeTarget "weather-demoUITests" */;
			buildPhases = (
				ACCD864B20D15B69005C30C4 /* Sources */,
				ACCD864C20D15B69005C30C4 /* Frameworks */,
				ACCD864D20D15B69005C30C4 /* Resources */,
			);
			buildRules = (
			);
			dependencies = (
				ACCD865120D15B69005C30C4 /* PBXTargetDependency */,
			);
			name = "weather-demoUITests";
			productName = "weather-demoUITests";
			productReference = ACCD864F20D15B69005C30C4 /* weather-demoUITests.xctest */;
			productType = "com.apple.product-type.bundle.ui-testing";
		};
/* End PBXNativeTarget section */

/* Begin PBXProject section */
		ACCD862520D15B68005C30C4 /* Project object */ = {
			isa = PBXProject;
			attributes = {
				LastSwiftUpdateCheck = 0940;
				LastUpgradeCheck = 0940;
				ORGANIZATIONNAME = "Artem Tselikov";
				TargetAttributes = {
					ACCD862C20D15B68005C30C4 = {
						CreatedOnToolsVersion = 9.4;
					};
					ACCD864320D15B69005C30C4 = {
						CreatedOnToolsVersion = 9.4;
						TestTargetID = ACCD862C20D15B68005C30C4;
					};
					ACCD864E20D15B69005C30C4 = {
						CreatedOnToolsVersion = 9.4;
						TestTargetID = ACCD862C20D15B68005C30C4;
					};
				};
			};
			buildConfigurationList = ACCD862820D15B68005C30C4 /* Build configuration list for PBXProject "weather-demo" */;
			compatibilityVersion = "Xcode 9.3";
			developmentRegion = en;
			hasScannedForEncodings = 0;
			knownRegions = (
				en,
				Base,
			);
			mainGroup = ACCD862420D15B68005C30C4;
			productRefGroup = ACCD862E20D15B68005C30C4 /* Products */;
			projectDirPath = "";
			projectRoot = "";
			targets = (
				ACCD862C20D15B68005C30C4 /* weather-demo */,
				ACCD864320D15B69005C30C4 /* weather-demoTests */,
				ACCD864E20D15B69005C30C4 /* weather-demoUITests */,
			);
		};
/* End PBXProject section */

/* Begin PBXResourcesBuildPhase section */
		ACCD862B20D15B68005C30C4 /* Resources */ = {
			isa = PBXResourcesBuildPhase;
			buildActionMask = 2147483647;
			files = (
				ACCD863E20D15B69005C30C4 /* LaunchScreen.storyboard in Resources */,
				ACCD863B20D15B69005C30C4 /* Assets.xcassets in Resources */,
				ACCD863620D15B68005C30C4 /* Main.storyboard in Resources */,
			);
			runOnlyForDeploymentPostprocessing = 0;
		};
		ACCD864220D15B69005C30C4 /* Resources */ = {
			isa = PBXResourcesBuildPhase;
			buildActionMask = 2147483647;
			files = (
			);
			runOnlyForDeploymentPostprocessing = 0;
		};
		ACCD864D20D15B69005C30C4 /* Resources */ = {
			isa = PBXResourcesBuildPhase;
			buildActionMask = 2147483647;
			files = (
			);
			runOnlyForDeploymentPostprocessing = 0;
		};
/* End PBXResourcesBuildPhase section */

/* Begin PBXShellScriptBuildPhase section */
		AC18A61120D1EB4700EEBD89 /* ShellScript */ = {
			isa = PBXShellScriptBuildPhase;
			buildActionMask = 2147483647;
			files = (
			);
			inputPaths = (
				"$(SRCROOT)/Carthage/Build/iOS/RxSwift.framework",
				"$(SRCROOT)/Carthage/Build/iOS/RxCocoa.framework",
				"$(SRCROOT)/Carthage/Build/iOS/Alamofire.framework",
			);
			outputPaths = (
				"$(BUILT_PRODUCTS_DIR)/$(FRAMEWORKS_FOLDER_PATH)/RxSwift.framework",
				"$(BUILT_PRODUCTS_DIR)/$(FRAMEWORKS_FOLDER_PATH)/RxCocoa.framework",
				"$(BUILT_PRODUCTS_DIR)/$(FRAMEWORKS_FOLDER_PATH)/Alamofire.framework",
			);
			runOnlyForDeploymentPostprocessing = 0;
			shellPath = /bin/sh;
			shellScript = "/usr/local/bin/carthage copy-frameworks";
		};
/* End PBXShellScriptBuildPhase section */

/* Begin PBXSourcesBuildPhase section */
		ACCD862920D15B68005C30C4 /* Sources */ = {
			isa = PBXSourcesBuildPhase;
			buildActionMask = 2147483647;
			files = (
				ACB2514620D6E5A3003B2E14 /* ForecastViewModel.swift in Sources */,
				AC74525D20D7199200A070FE /* APIService.swift in Sources */,
				ACD49E3120D1D469000C853E /* Coordinator.swift in Sources */,
				AC74525120D718FA00A070FE /* Route.swift in Sources */,
				ACB2514B20D6F8CF003B2E14 /* WeatherDTO.swift in Sources */,
				ACD49E3320D1D4DE000C853E /* CitiesListViewController.swift in Sources */,
				ACB2514420D6E4BD003B2E14 /* ForecastViewController.swift in Sources */,
				AC74525F20D722B300A070FE /* Forecast.swift in Sources */,
				ACCEAD0A20D5E5DC0078074B /* CitySelectionViewModel.swift in Sources */,
				AC18A61020D1EAAC00EEBD89 /* CitiesListCoordinator.swift in Sources */,
				AC44D0C920DDB1EF0082B2B5 /* City+CoreDataProperties.swift in Sources */,
				ACCD863920D15B68005C30C4 /* weather_demo.xcdatamodeld in Sources */,
				AC34218A20D3113E00ED98EB /* CitySelectionViewController.swift in Sources */,
				AC44D0C820DDB1EF0082B2B5 /* City+CoreDataClass.swift in Sources */,
				ACCD863120D15B68005C30C4 /* AppDelegate.swift in Sources */,
			);
			runOnlyForDeploymentPostprocessing = 0;
		};
		ACCD864020D15B69005C30C4 /* Sources */ = {
			isa = PBXSourcesBuildPhase;
			buildActionMask = 2147483647;
			files = (
				ACCD864920D15B69005C30C4 /* weather_demoTests.swift in Sources */,
			);
			runOnlyForDeploymentPostprocessing = 0;
		};
		ACCD864B20D15B69005C30C4 /* Sources */ = {
			isa = PBXSourcesBuildPhase;
			buildActionMask = 2147483647;
			files = (
				ACCD865420D15B69005C30C4 /* weather_demoUITests.swift in Sources */,
			);
			runOnlyForDeploymentPostprocessing = 0;
		};
/* End PBXSourcesBuildPhase section */

/* Begin PBXTargetDependency section */
		ACCD864620D15B69005C30C4 /* PBXTargetDependency */ = {
			isa = PBXTargetDependency;
			target = ACCD862C20D15B68005C30C4 /* weather-demo */;
			targetProxy = ACCD864520D15B69005C30C4 /* PBXContainerItemProxy */;
		};
		ACCD865120D15B69005C30C4 /* PBXTargetDependency */ = {
			isa = PBXTargetDependency;
			target = ACCD862C20D15B68005C30C4 /* weather-demo */;
			targetProxy = ACCD865020D15B69005C30C4 /* PBXContainerItemProxy */;
		};
/* End PBXTargetDependency section */

/* Begin PBXVariantGroup section */
		ACCD863420D15B68005C30C4 /* Main.storyboard */ = {
			isa = PBXVariantGroup;
			children = (
				ACCD863520D15B68005C30C4 /* Base */,
			);
			name = Main.storyboard;
			sourceTree = "<group>";
		};
		ACCD863C20D15B69005C30C4 /* LaunchScreen.storyboard */ = {
			isa = PBXVariantGroup;
			children = (
				ACCD863D20D15B69005C30C4 /* Base */,
			);
			name = LaunchScreen.storyboard;
			sourceTree = "<group>";
		};
/* End PBXVariantGroup section */

/* Begin XCBuildConfiguration section */
		ACCD865620D15B69005C30C4 /* Debug */ = {
			isa = XCBuildConfiguration;
			buildSettings = {
				ALWAYS_SEARCH_USER_PATHS = NO;
				CLANG_ANALYZER_NONNULL = YES;
				CLANG_ANALYZER_NUMBER_OBJECT_CONVERSION = YES_AGGRESSIVE;
				CLANG_CXX_LANGUAGE_STANDARD = "gnu++14";
				CLANG_CXX_LIBRARY = "libc++";
				CLANG_ENABLE_MODULES = YES;
				CLANG_ENABLE_OBJC_ARC = YES;
				CLANG_ENABLE_OBJC_WEAK = YES;
				CLANG_WARN_BLOCK_CAPTURE_AUTORELEASING = YES;
				CLANG_WARN_BOOL_CONVERSION = YES;
				CLANG_WARN_COMMA = YES;
				CLANG_WARN_CONSTANT_CONVERSION = YES;
				CLANG_WARN_DEPRECATED_OBJC_IMPLEMENTATIONS = YES;
				CLANG_WARN_DIRECT_OBJC_ISA_USAGE = YES_ERROR;
				CLANG_WARN_DOCUMENTATION_COMMENTS = YES;
				CLANG_WARN_EMPTY_BODY = YES;
				CLANG_WARN_ENUM_CONVERSION = YES;
				CLANG_WARN_INFINITE_RECURSION = YES;
				CLANG_WARN_INT_CONVERSION = YES;
				CLANG_WARN_NON_LITERAL_NULL_CONVERSION = YES;
				CLANG_WARN_OBJC_IMPLICIT_RETAIN_SELF = YES;
				CLANG_WARN_OBJC_LITERAL_CONVERSION = YES;
				CLANG_WARN_OBJC_ROOT_CLASS = YES_ERROR;
				CLANG_WARN_RANGE_LOOP_ANALYSIS = YES;
				CLANG_WARN_STRICT_PROTOTYPES = YES;
				CLANG_WARN_SUSPICIOUS_MOVE = YES;
				CLANG_WARN_UNGUARDED_AVAILABILITY = YES_AGGRESSIVE;
				CLANG_WARN_UNREACHABLE_CODE = YES;
				CLANG_WARN__DUPLICATE_METHOD_MATCH = YES;
				CODE_SIGN_IDENTITY = "iPhone Developer";
				COPY_PHASE_STRIP = NO;
				DEBUG_INFORMATION_FORMAT = dwarf;
				ENABLE_STRICT_OBJC_MSGSEND = YES;
				ENABLE_TESTABILITY = YES;
				GCC_C_LANGUAGE_STANDARD = gnu11;
				GCC_DYNAMIC_NO_PIC = NO;
				GCC_NO_COMMON_BLOCKS = YES;
				GCC_OPTIMIZATION_LEVEL = 0;
				GCC_PREPROCESSOR_DEFINITIONS = (
					"DEBUG=1",
					"$(inherited)",
				);
				GCC_WARN_64_TO_32_BIT_CONVERSION = YES;
				GCC_WARN_ABOUT_RETURN_TYPE = YES_ERROR;
				GCC_WARN_UNDECLARED_SELECTOR = YES;
				GCC_WARN_UNINITIALIZED_AUTOS = YES_AGGRESSIVE;
				GCC_WARN_UNUSED_FUNCTION = YES;
				GCC_WARN_UNUSED_VARIABLE = YES;
				IPHONEOS_DEPLOYMENT_TARGET = 11.4;
				MTL_ENABLE_DEBUG_INFO = YES;
				ONLY_ACTIVE_ARCH = YES;
				SDKROOT = iphoneos;
				SWIFT_ACTIVE_COMPILATION_CONDITIONS = DEBUG;
				SWIFT_OPTIMIZATION_LEVEL = "-Onone";
			};
			name = Debug;
		};
		ACCD865720D15B69005C30C4 /* Release */ = {
			isa = XCBuildConfiguration;
			buildSettings = {
				ALWAYS_SEARCH_USER_PATHS = NO;
				CLANG_ANALYZER_NONNULL = YES;
				CLANG_ANALYZER_NUMBER_OBJECT_CONVERSION = YES_AGGRESSIVE;
				CLANG_CXX_LANGUAGE_STANDARD = "gnu++14";
				CLANG_CXX_LIBRARY = "libc++";
				CLANG_ENABLE_MODULES = YES;
				CLANG_ENABLE_OBJC_ARC = YES;
				CLANG_ENABLE_OBJC_WEAK = YES;
				CLANG_WARN_BLOCK_CAPTURE_AUTORELEASING = YES;
				CLANG_WARN_BOOL_CONVERSION = YES;
				CLANG_WARN_COMMA = YES;
				CLANG_WARN_CONSTANT_CONVERSION = YES;
				CLANG_WARN_DEPRECATED_OBJC_IMPLEMENTATIONS = YES;
				CLANG_WARN_DIRECT_OBJC_ISA_USAGE = YES_ERROR;
				CLANG_WARN_DOCUMENTATION_COMMENTS = YES;
				CLANG_WARN_EMPTY_BODY = YES;
				CLANG_WARN_ENUM_CONVERSION = YES;
				CLANG_WARN_INFINITE_RECURSION = YES;
				CLANG_WARN_INT_CONVERSION = YES;
				CLANG_WARN_NON_LITERAL_NULL_CONVERSION = YES;
				CLANG_WARN_OBJC_IMPLICIT_RETAIN_SELF = YES;
				CLANG_WARN_OBJC_LITERAL_CONVERSION = YES;
				CLANG_WARN_OBJC_ROOT_CLASS = YES_ERROR;
				CLANG_WARN_RANGE_LOOP_ANALYSIS = YES;
				CLANG_WARN_STRICT_PROTOTYPES = YES;
				CLANG_WARN_SUSPICIOUS_MOVE = YES;
				CLANG_WARN_UNGUARDED_AVAILABILITY = YES_AGGRESSIVE;
				CLANG_WARN_UNREACHABLE_CODE = YES;
				CLANG_WARN__DUPLICATE_METHOD_MATCH = YES;
				CODE_SIGN_IDENTITY = "iPhone Developer";
				COPY_PHASE_STRIP = NO;
				DEBUG_INFORMATION_FORMAT = "dwarf-with-dsym";
				ENABLE_NS_ASSERTIONS = NO;
				ENABLE_STRICT_OBJC_MSGSEND = YES;
				GCC_C_LANGUAGE_STANDARD = gnu11;
				GCC_NO_COMMON_BLOCKS = YES;
				GCC_WARN_64_TO_32_BIT_CONVERSION = YES;
				GCC_WARN_ABOUT_RETURN_TYPE = YES_ERROR;
				GCC_WARN_UNDECLARED_SELECTOR = YES;
				GCC_WARN_UNINITIALIZED_AUTOS = YES_AGGRESSIVE;
				GCC_WARN_UNUSED_FUNCTION = YES;
				GCC_WARN_UNUSED_VARIABLE = YES;
				IPHONEOS_DEPLOYMENT_TARGET = 11.4;
				MTL_ENABLE_DEBUG_INFO = NO;
				SDKROOT = iphoneos;
				SWIFT_COMPILATION_MODE = wholemodule;
				SWIFT_OPTIMIZATION_LEVEL = "-O";
				VALIDATE_PRODUCT = YES;
			};
			name = Release;
		};
		ACCD865920D15B69005C30C4 /* Debug */ = {
			isa = XCBuildConfiguration;
			buildSettings = {
				ASSETCATALOG_COMPILER_APPICON_NAME = AppIcon;
				CODE_SIGN_STYLE = Automatic;
				DEVELOPMENT_TEAM = 768KTYFHEL;
				FRAMEWORK_SEARCH_PATHS = (
					"$(inherited)",
					"$(PROJECT_DIR)/Carthage/Build/iOS",
				);
				INFOPLIST_FILE = "weather-demo/Info.plist";
				LD_RUNPATH_SEARCH_PATHS = (
					"$(inherited)",
					"@executable_path/Frameworks",
				);
				PRODUCT_BUNDLE_IDENTIFIER = "com.tselikov.weather-demo";
				PRODUCT_NAME = "$(TARGET_NAME)";
				SWIFT_VERSION = 4.0;
				TARGETED_DEVICE_FAMILY = "1,2";
			};
			name = Debug;
		};
		ACCD865A20D15B69005C30C4 /* Release */ = {
			isa = XCBuildConfiguration;
			buildSettings = {
				ASSETCATALOG_COMPILER_APPICON_NAME = AppIcon;
				CODE_SIGN_STYLE = Automatic;
				DEVELOPMENT_TEAM = 768KTYFHEL;
				FRAMEWORK_SEARCH_PATHS = (
					"$(inherited)",
					"$(PROJECT_DIR)/Carthage/Build/iOS",
				);
				INFOPLIST_FILE = "weather-demo/Info.plist";
				LD_RUNPATH_SEARCH_PATHS = (
					"$(inherited)",
					"@executable_path/Frameworks",
				);
				PRODUCT_BUNDLE_IDENTIFIER = "com.tselikov.weather-demo";
				PRODUCT_NAME = "$(TARGET_NAME)";
				SWIFT_VERSION = 4.0;
				TARGETED_DEVICE_FAMILY = "1,2";
			};
			name = Release;
		};
		ACCD865C20D15B69005C30C4 /* Debug */ = {
			isa = XCBuildConfiguration;
			buildSettings = {
				ALWAYS_EMBED_SWIFT_STANDARD_LIBRARIES = YES;
				BUNDLE_LOADER = "$(TEST_HOST)";
				CODE_SIGN_STYLE = Automatic;
				DEVELOPMENT_TEAM = 768KTYFHEL;
				INFOPLIST_FILE = "weather-demoTests/Info.plist";
				LD_RUNPATH_SEARCH_PATHS = (
					"$(inherited)",
					"@executable_path/Frameworks",
					"@loader_path/Frameworks",
				);
				PRODUCT_BUNDLE_IDENTIFIER = "com.tselikov.weather-demoTests";
				PRODUCT_NAME = "$(TARGET_NAME)";
				SWIFT_VERSION = 4.0;
				TARGETED_DEVICE_FAMILY = "1,2";
				TEST_HOST = "$(BUILT_PRODUCTS_DIR)/weather-demo.app/weather-demo";
			};
			name = Debug;
		};
		ACCD865D20D15B69005C30C4 /* Release */ = {
			isa = XCBuildConfiguration;
			buildSettings = {
				ALWAYS_EMBED_SWIFT_STANDARD_LIBRARIES = YES;
				BUNDLE_LOADER = "$(TEST_HOST)";
				CODE_SIGN_STYLE = Automatic;
				DEVELOPMENT_TEAM = 768KTYFHEL;
				INFOPLIST_FILE = "weather-demoTests/Info.plist";
				LD_RUNPATH_SEARCH_PATHS = (
					"$(inherited)",
					"@executable_path/Frameworks",
					"@loader_path/Frameworks",
				);
				PRODUCT_BUNDLE_IDENTIFIER = "com.tselikov.weather-demoTests";
				PRODUCT_NAME = "$(TARGET_NAME)";
				SWIFT_VERSION = 4.0;
				TARGETED_DEVICE_FAMILY = "1,2";
				TEST_HOST = "$(BUILT_PRODUCTS_DIR)/weather-demo.app/weather-demo";
			};
			name = Release;
		};
		ACCD865F20D15B69005C30C4 /* Debug */ = {
			isa = XCBuildConfiguration;
			buildSettings = {
				ALWAYS_EMBED_SWIFT_STANDARD_LIBRARIES = YES;
				CODE_SIGN_STYLE = Automatic;
				DEVELOPMENT_TEAM = 768KTYFHEL;
				INFOPLIST_FILE = "weather-demoUITests/Info.plist";
				LD_RUNPATH_SEARCH_PATHS = (
					"$(inherited)",
					"@executable_path/Frameworks",
					"@loader_path/Frameworks",
				);
				PRODUCT_BUNDLE_IDENTIFIER = "com.tselikov.weather-demoUITests";
				PRODUCT_NAME = "$(TARGET_NAME)";
				SWIFT_VERSION = 4.0;
				TARGETED_DEVICE_FAMILY = "1,2";
				TEST_TARGET_NAME = "weather-demo";
			};
			name = Debug;
		};
		ACCD866020D15B69005C30C4 /* Release */ = {
			isa = XCBuildConfiguration;
			buildSettings = {
				ALWAYS_EMBED_SWIFT_STANDARD_LIBRARIES = YES;
				CODE_SIGN_STYLE = Automatic;
				DEVELOPMENT_TEAM = 768KTYFHEL;
				INFOPLIST_FILE = "weather-demoUITests/Info.plist";
				LD_RUNPATH_SEARCH_PATHS = (
					"$(inherited)",
					"@executable_path/Frameworks",
					"@loader_path/Frameworks",
				);
				PRODUCT_BUNDLE_IDENTIFIER = "com.tselikov.weather-demoUITests";
				PRODUCT_NAME = "$(TARGET_NAME)";
				SWIFT_VERSION = 4.0;
				TARGETED_DEVICE_FAMILY = "1,2";
				TEST_TARGET_NAME = "weather-demo";
			};
			name = Release;
		};
/* End XCBuildConfiguration section */

/* Begin XCConfigurationList section */
		ACCD862820D15B68005C30C4 /* Build configuration list for PBXProject "weather-demo" */ = {
			isa = XCConfigurationList;
			buildConfigurations = (
				ACCD865620D15B69005C30C4 /* Debug */,
				ACCD865720D15B69005C30C4 /* Release */,
			);
			defaultConfigurationIsVisible = 0;
			defaultConfigurationName = Release;
		};
		ACCD865820D15B69005C30C4 /* Build configuration list for PBXNativeTarget "weather-demo" */ = {
			isa = XCConfigurationList;
			buildConfigurations = (
				ACCD865920D15B69005C30C4 /* Debug */,
				ACCD865A20D15B69005C30C4 /* Release */,
			);
			defaultConfigurationIsVisible = 0;
			defaultConfigurationName = Release;
		};
		ACCD865B20D15B69005C30C4 /* Build configuration list for PBXNativeTarget "weather-demoTests" */ = {
			isa = XCConfigurationList;
			buildConfigurations = (
				ACCD865C20D15B69005C30C4 /* Debug */,
				ACCD865D20D15B69005C30C4 /* Release */,
			);
			defaultConfigurationIsVisible = 0;
			defaultConfigurationName = Release;
		};
		ACCD865E20D15B69005C30C4 /* Build configuration list for PBXNativeTarget "weather-demoUITests" */ = {
			isa = XCConfigurationList;
			buildConfigurations = (
				ACCD865F20D15B69005C30C4 /* Debug */,
				ACCD866020D15B69005C30C4 /* Release */,
			);
			defaultConfigurationIsVisible = 0;
			defaultConfigurationName = Release;
		};
/* End XCConfigurationList section */

/* Begin XCVersionGroup section */
		ACCD863720D15B68005C30C4 /* weather_demo.xcdatamodeld */ = {
			isa = XCVersionGroup;
			children = (
				ACCD863820D15B68005C30C4 /* weather_demo.xcdatamodel */,
			);
			currentVersion = ACCD863820D15B68005C30C4 /* weather_demo.xcdatamodel */;
			path = weather_demo.xcdatamodeld;
			sourceTree = "<group>";
			versionGroupType = wrapper.xcdatamodel;
		};
/* End XCVersionGroup section */
	};
	rootObject = ACCD862520D15B68005C30C4 /* Project object */;
}
